<?xml version="1.0" encoding="utf-8"?>
<Project ToolsVersion="4.0" xmlns="http://schemas.microsoft.com/developer/msbuild/2003">
  <ItemGroup>
    <Filter Include="Plateform">
      <UniqueIdentifier>{CF988A45-3B03-3FBC-8441-F061F0EA1C11}</UniqueIdentifier>
    </Filter>
    <Filter Include="Plateform\Windows">
      <UniqueIdentifier>{09A24FC9-75B8-4D5F-BE2F-D9802A851EE7}</UniqueIdentifier>
    </Filter>
    <Filter Include="Walnut">
      <UniqueIdentifier>{C038E8D9-ACDA-12B0-9595-260481D69900}</UniqueIdentifier>
    </Filter>
    <Filter Include="Walnut\Events">
      <UniqueIdentifier>{A48C4E08-104D-CA3E-D987-13BC45070F1B}</UniqueIdentifier>
    </Filter>
    <Filter Include="Walnut\ImGui">
      <UniqueIdentifier>{8b280d95-7a20-4f8e-8ee5-6c4a252d7fad}</UniqueIdentifier>
    </Filter>
    <Filter Include="Plateform\OpenGL">
      <UniqueIdentifier>{54ac80a0-b64b-479d-9dd7-a8d2bd35d5c0}</UniqueIdentifier>
    </Filter>
  </ItemGroup>
  <ItemGroup>
    <ClInclude Include="src\Plateform\Windows\WindowsWindow.h">
      <Filter>Plateform\Windows</Filter>
    </ClInclude>
    <ClInclude Include="src\Walnut.h" />
    <ClInclude Include="src\Walnut\Application.h">
      <Filter>Walnut</Filter>
    </ClInclude>
    <ClInclude Include="src\Walnut\Core.h">
      <Filter>Walnut</Filter>
    </ClInclude>
    <ClInclude Include="src\Walnut\EntryPoint.h">
      <Filter>Walnut</Filter>
    </ClInclude>
    <ClInclude Include="src\Walnut\Events\ApplicationEvent.h">
      <Filter>Walnut\Events</Filter>
    </ClInclude>
    <ClInclude Include="src\Walnut\Events\Event.h">
      <Filter>Walnut\Events</Filter>
    </ClInclude>
    <ClInclude Include="src\Walnut\Events\KeyEvent.h">
      <Filter>Walnut\Events</Filter>
    </ClInclude>
    <ClInclude Include="src\Walnut\Events\MouseEvent.h">
      <Filter>Walnut\Events</Filter>
    </ClInclude>
    <ClInclude Include="src\Walnut\Layer.h">
      <Filter>Walnut</Filter>
    </ClInclude>
    <ClInclude Include="src\Walnut\LayerStack.h">
      <Filter>Walnut</Filter>
    </ClInclude>
    <ClInclude Include="src\Walnut\Log.h">
      <Filter>Walnut</Filter>
    </ClInclude>
    <ClInclude Include="src\Walnut\Window.h">
      <Filter>Walnut</Filter>
    </ClInclude>
    <ClInclude Include="src\wnpch.h" />
    <ClInclude Include="ImGuiLayer.h">
      <Filter>Walnut\ImGui</Filter>
    </ClInclude>
    <ClInclude Include="ImGuiOpenGLRenderer.h">
      <Filter>Plateform\OpenGL</Filter>
    </ClInclude>
  </ItemGroup>
  <ItemGroup>
    <ClCompile Include="src\Plateform\Windows\WindowsWindow.cpp">
      <Filter>Plateform\Windows</Filter>
    </ClCompile>
    <ClCompile Include="src\Walnut\Application.cpp">
      <Filter>Walnut</Filter>
    </ClCompile>
    <ClCompile Include="src\Walnut\Layer.cpp">
      <Filter>Walnut</Filter>
    </ClCompile>
    <ClCompile Include="src\Walnut\LayerStack.cpp">
      <Filter>Walnut</Filter>
    </ClCompile>
    <ClCompile Include="src\Walnut\Log.cpp">
      <Filter>Walnut</Filter>
    </ClCompile>
    <ClCompile Include="src\wnpch.cpp" />
    <ClCompile Include="ImGuiLayer.cpp">
      <Filter>Walnut\ImGui</Filter>
    </ClCompile>
    <ClCompile Include="ImGuiOpenGLRenderer.cpp">
      <Filter>Plateform\OpenGL</Filter>
    </ClCompile>
  </ItemGroup>
</Project>